// !$*UTF8*$!
{
	archiveVersion = 1;
	classes = {
	};
	objectVersion = 48;
	objects = {

/* Begin PBXBuildFile section */
		E94231F91FE65AA8000E9D41 /* AppDelegate.swift in Sources */ = {isa = PBXBuildFile; fileRef = E94231F81FE65AA8000E9D41 /* AppDelegate.swift */; };
		E94231FB1FE65AA8000E9D41 /* ViewController.swift in Sources */ = {isa = PBXBuildFile; fileRef = E94231FA1FE65AA8000E9D41 /* ViewController.swift */; };
		E94231FE1FE65AA8000E9D41 /* Main.storyboard in Resources */ = {isa = PBXBuildFile; fileRef = E94231FC1FE65AA8000E9D41 /* Main.storyboard */; };
		E94232001FE65AA8000E9D41 /* Assets.xcassets in Resources */ = {isa = PBXBuildFile; fileRef = E94231FF1FE65AA8000E9D41 /* Assets.xcassets */; };
		E94232031FE65AA8000E9D41 /* LaunchScreen.storyboard in Resources */ = {isa = PBXBuildFile; fileRef = E94232011FE65AA8000E9D41 /* LaunchScreen.storyboard */; };
		E98682A81FE69C9400D44866 /* TimerViewController.swift in Sources */ = {isa = PBXBuildFile; fileRef = E98682A71FE69C9400D44866 /* TimerViewController.swift */; };
		E9899F591FFCF95C00C7E69F /* bell.mp3 in Resources */ = {isa = PBXBuildFile; fileRef = E9899F581FFCF95C00C7E69F /* bell.mp3 */; };
/* End PBXBuildFile section */

/* Begin PBXFileReference section */
		E94231F51FE65AA8000E9D41 /* Egg Timer.app */ = {isa = PBXFileReference; explicitFileType = wrapper.application; includeInIndex = 0; path = "Egg Timer.app"; sourceTree = BUILT_PRODUCTS_DIR; };
		E94231F81FE65AA8000E9D41 /* AppDelegate.swift */ = {isa = PBXFileReference; lastKnownFileType = sourcecode.swift; path = AppDelegate.swift; sourceTree = "<group>"; };
		E94231FA1FE65AA8000E9D41 /* ViewController.swift */ = {isa = PBXFileReference; lastKnownFileType = sourcecode.swift; path = ViewController.swift; sourceTree = "<group>"; };
		E94231FD1FE65AA8000E9D41 /* Base */ = {isa = PBXFileReference; lastKnownFileType = file.storyboard; name = Base; path = Base.lproj/Main.storyboard; sourceTree = "<group>"; };
		E94231FF1FE65AA8000E9D41 /* Assets.xcassets */ = {isa = PBXFileReference; lastKnownFileType = folder.assetcatalog; path = Assets.xcassets; sourceTree = "<group>"; };
		E94232021FE65AA8000E9D41 /* Base */ = {isa = PBXFileReference; lastKnownFileType = file.storyboard; name = Base; path = Base.lproj/LaunchScreen.storyboard; sourceTree = "<group>"; };
		E94232041FE65AA8000E9D41 /* Info.plist */ = {isa = PBXFileReference; lastKnownFileType = text.plist.xml; path = Info.plist; sourceTree = "<group>"; };
		E98682A71FE69C9400D44866 /* TimerViewController.swift */ = {isa = PBXFileReference; lastKnownFileType = sourcecode.swift; path = TimerViewController.swift; sourceTree = "<group>"; };
		E9899F581FFCF95C00C7E69F /* bell.mp3 */ = {isa = PBXFileReference; lastKnownFileType = audio.mp3; path = bell.mp3; sourceTree = "<group>"; };
/* End PBXFileReference section */

/* Begin PBXFrameworksBuildPhase section */
		E94231F21FE65AA7000E9D41 /* Frameworks */ = {
			isa = PBXFrameworksBuildPhase;
			buildActionMask = 2147483647;
			files = (
			);
			runOnlyForDeploymentPostprocessing = 0;
		};
/* End PBXFrameworksBuildPhase section */

/* Begin PBXGroup section */
		E94231EC1FE65AA7000E9D41 = {
			isa = PBXGroup;
			children = (
				E94231F71FE65AA8000E9D41 /* Egg Timer */,
				E94231F61FE65AA8000E9D41 /* Products */,
			);
			sourceTree = "<group>";
		};
		E94231F61FE65AA8000E9D41 /* Products */ = {
			isa = PBXGroup;
			children = (
				E94231F51FE65AA8000E9D41 /* Egg Timer.app */,
			);
			name = Products;
			sourceTree = "<group>";
		};
		E94231F71FE65AA8000E9D41 /* Egg Timer */ = {
			isa = PBXGroup;
			children = (
				E94231F81FE65AA8000E9D41 /* AppDelegate.swift */,
				E94231FA1FE65AA8000E9D41 /* ViewController.swift */,
				E94231FC1FE65AA8000E9D41 /* Main.storyboard */,
				E98682A71FE69C9400D44866 /* TimerViewController.swift */,
				E94231FF1FE65AA8000E9D41 /* Assets.xcassets */,
				E94232011FE65AA8000E9D41 /* LaunchScreen.storyboard */,
				E94232041FE65AA8000E9D41 /* Info.plist */,
				E9899F581FFCF95C00C7E69F /* bell.mp3 */,
			);
			path = "Egg Timer";
			sourceTree = "<group>";
		};
/* End PBXGroup section */

/* Begin PBXNativeTarget section */
		E94231F41FE65AA7000E9D41 /* Egg Timer */ = {
			isa = PBXNativeTarget;
			buildConfigurationList = E94232071FE65AA8000E9D41 /* Build configuration list for PBXNativeTarget "Egg Timer" */;
			buildPhases = (
				E94231F11FE65AA7000E9D41 /* Sources */,
				E94231F21FE65AA7000E9D41 /* Frameworks */,
				E94231F31FE65AA7000E9D41 /* Resources */,
			);
			buildRules = (
			);
			dependencies = (
			);
			name = "Egg Timer";
			productName = "Egg Timer";
			productReference = E94231F51FE65AA8000E9D41 /* Egg Timer.app */;
			productType = "com.apple.product-type.application";
		};
/* End PBXNativeTarget section */

/* Begin PBXProject section */
		E94231ED1FE65AA7000E9D41 /* Project object */ = {
			isa = PBXProject;
			attributes = {
				LastSwiftUpdateCheck = 0920;
				LastUpgradeCheck = 0920;
				ORGANIZATIONNAME = OneKirk;
				TargetAttributes = {
					E94231F41FE65AA7000E9D41 = {
						CreatedOnToolsVersion = 9.2;
						ProvisioningStyle = Automatic;
					};
				};
			};
			buildConfigurationList = E94231F01FE65AA7000E9D41 /* Build configuration list for PBXProject "Egg Timer" */;
			compatibilityVersion = "Xcode 8.0";
			developmentRegion = en;
			hasScannedForEncodings = 0;
			knownRegions = (
				en,
				Base,
			);
			mainGroup = E94231EC1FE65AA7000E9D41;
			productRefGroup = E94231F61FE65AA8000E9D41 /* Products */;
			projectDirPath = "";
			projectRoot = "";
			targets = (
				E94231F41FE65AA7000E9D41 /* Egg Timer */,
			);
		};
/* End PBXProject section */

/* Begin PBXResourcesBuildPhase section */
		E94231F31FE65AA7000E9D41 /* Resources */ = {
			isa = PBXResourcesBuildPhase;
			buildActionMask = 2147483647;
			files = (
				E94232031FE65AA8000E9D41 /* LaunchScreen.storyboard in Resources */,
				E9899F591FFCF95C00C7E69F /* bell.mp3 in Resources */,
				E94232001FE65AA8000E9D41 /* Assets.xcassets in Resources */,
				E94231FE1FE65AA8000E9D41 /* Main.storyboard in Resources */,
			);
			runOnlyForDeploymentPostprocessing = 0;
		};
/* End PBXResourcesBuildPhase section */

/* Begin PBXSourcesBuildPhase section */
		E94231F11FE65AA7000E9D41 /* Sources */ = {
			isa = PBXSourcesBuildPhase;
			buildActionMask = 2147483647;
			files = (
				E94231FB1FE65AA8000E9D41 /* ViewController.swift in Sources */,
				E98682A81FE69C9400D44866 /* TimerViewController.swift in Sources */,
				E94231F91FE65AA8000E9D41 /* AppDelegate.swift in Sources */,
			);
			runOnlyForDeploymentPostprocessing = 0;
		};
/* End PBXSourcesBuildPhase section */

/* Begin PBXVariantGroup section */
		E94231FC1FE65AA8000E9D41 /* Main.storyboard */ = {
			isa = PBXVariantGroup;
			children = (
				E94231FD1FE65AA8000E9D41 /* Base */,
			);
			name = Main.storyboard;
			sourceTree = "<group>";
		};
		E94232011FE65AA8000E9D41 /* LaunchScreen.storyboard */ = {
			isa = PBXVariantGroup;
			children = (
				E94232021FE65AA8000E9D41 /* Base */,
			);
			name = LaunchScreen.storyboard;
			sourceTree = "<group>";
		};
/* End PBXVariantGroup section */

/* Begin XCBuildConfiguration section */
		E94232051FE65AA8000E9D41 /* Debug */ = {
			isa = XCBuildConfiguration;
			buildSettings = {
				ALWAYS_SEARCH_USER_PATHS = NO;
				CLANG_ANALYZER_NONNULL = YES;
				CLANG_ANALYZER_NUMBER_OBJECT_CONVERSION = YES_AGGRESSIVE;
				CLANG_CXX_LANGUAGE_STANDARD = "gnu++14";
				CLANG_CXX_LIBRARY = "libc++";
				CLANG_ENABLE_MODULES = YES;
				CLANG_ENABLE_OBJC_ARC = YES;
				CLANG_WARN_BLOCK_CAPTURE_AUTORELEASING = YES;
				CLANG_WARN_BOOL_CONVERSION = YES;
				CLANG_WARN_COMMA = YES;
				CLANG_WARN_CONSTANT_CONVERSION = YES;
				CLANG_WARN_DIRECT_OBJC_ISA_USAGE = YES_ERROR;
				CLANG_WARN_DOCUMENTATION_COMMENTS = YES;
				CLANG_WARN_EMPTY_BODY = YES;
				CLANG_WARN_ENUM_CONVERSION = YES;
				CLANG_WARN_INFINITE_RECURSION = YES;
				CLANG_WARN_INT_CONVERSION = YES;
				CLANG_WARN_NON_LITERAL_NULL_CONVERSION = YES;
				CLANG_WARN_OBJC_LITERAL_CONVERSION = YES;
				CLANG_WARN_OBJC_ROOT_CLASS = YES_ERROR;
				CLANG_WARN_RANGE_LOOP_ANALYSIS = YES;
				CLANG_WARN_STRICT_PROTOTYPES = YES;
				CLANG_WARN_SUSPICIOUS_MOVE = YES;
				CLANG_WARN_UNGUARDED_AVAILABILITY = YES_AGGRESSIVE;
				CLANG_WARN_UNREACHABLE_CODE = YES;
				CLANG_WARN__DUPLICATE_METHOD_MATCH = YES;
				CODE_SIGN_IDENTITY = "iPhone Developer";
				COPY_PHASE_STRIP = NO;
				DEBUG_INFORMATION_FORMAT = dwarf;
				ENABLE_STRICT_OBJC_MSGSEND = YES;
				ENABLE_TESTABILITY = YES;
				GCC_C_LANGUAGE_STANDARD = gnu11;
				GCC_DYNAMIC_NO_PIC = NO;
				GCC_NO_COMMON_BLOCKS = YES;
				GCC_OPTIMIZATION_LEVEL = 0;
				GCC_PREPROCESSOR_DEFINITIONS = (
					"DEBUG=1",
					"$(inherited)",
				);
				GCC_WARN_64_TO_32_BIT_CONVERSION = YES;
				GCC_WARN_ABOUT_RETURN_TYPE = YES_ERROR;
				GCC_WARN_UNDECLARED_SELECTOR = YES;
				GCC_WARN_UNINITIALIZED_AUTOS = YES_AGGRESSIVE;
				GCC_WARN_UNUSED_FUNCTION = YES;
				GCC_WARN_UNUSED_VARIABLE = YES;
				IPHONEOS_DEPLOYMENT_TARGET = 11.2;
				MTL_ENABLE_DEBUG_INFO = YES;
				ONLY_ACTIVE_ARCH = YES;
				SDKROOT = iphoneos;
				SWIFT_ACTIVE_COMPILATION_CONDITIONS = DEBUG;
				SWIFT_OPTIMIZATION_LEVEL = "-Onone";
			};
			name = Debug;
		};
		E94232061FE65AA8000E9D41 /* Release */ = {
			isa = XCBuildConfiguration;
			buildSettings = {
				ALWAYS_SEARCH_USER_PATHS = NO;
				CLANG_ANALYZER_NONNULL = YES;
				CLANG_ANALYZER_NUMBER_OBJECT_CONVERSION = YES_AGGRESSIVE;
				CLANG_CXX_LANGUAGE_STANDARD = "gnu++14";
				CLANG_CXX_LIBRARY = "libc++";
				CLANG_ENABLE_MODULES = YES;
				CLANG_ENABLE_OBJC_ARC = YES;
				CLANG_WARN_BLOCK_CAPTURE_AUTORELEASING = YES;
				CLANG_WARN_BOOL_CONVERSION = YES;
				CLANG_WARN_COMMA = YES;
				CLANG_WARN_CONSTANT_CONVERSION = YES;
				CLANG_WARN_DIRECT_OBJC_ISA_USAGE = YES_ERROR;
				CLANG_WARN_DOCUMENTATION_COMMENTS = YES;
				CLANG_WARN_EMPTY_BODY = YES;
				CLANG_WARN_ENUM_CONVERSION = YES;
				CLANG_WARN_INFINITE_RECURSION = YES;
				CLANG_WARN_INT_CONVERSION = YES;
				CLANG_WARN_NON_LITERAL_NULL_CONVERSION = YES;
				CLANG_WARN_OBJC_LITERAL_CONVERSION = YES;
				CLANG_WARN_OBJC_ROOT_CLASS = YES_ERROR;
				CLANG_WARN_RANGE_LOOP_ANALYSIS = YES;
				CLANG_WARN_STRICT_PROTOTYPES = YES;
				CLANG_WARN_SUSPICIOUS_MOVE = YES;
				CLANG_WARN_UNGUARDED_AVAILABILITY = YES_AGGRESSIVE;
				CLANG_WARN_UNREACHABLE_CODE = YES;
				CLANG_WARN__DUPLICATE_METHOD_MATCH = YES;
				CODE_SIGN_IDENTITY = "iPhone Developer";
				COPY_PHASE_STRIP = NO;
				DEBUG_INFORMATION_FORMAT = "dwarf-with-dsym";
				ENABLE_NS_ASSERTIONS = NO;
				ENABLE_STRICT_OBJC_MSGSEND = YES;
				GCC_C_LANGUAGE_STANDARD = gnu11;
				GCC_NO_COMMON_BLOCKS = YES;
				GCC_WARN_64_TO_32_BIT_CONVERSION = YES;
				GCC_WARN_ABOUT_RETURN_TYPE = YES_ERROR;
				GCC_WARN_UNDECLARED_SELECTOR = YES;
				GCC_WARN_UNINITIALIZED_AUTOS = YES_AGGRESSIVE;
				GCC_WARN_UNUSED_FUNCTION = YES;
				GCC_WARN_UNUSED_VARIABLE = YES;
				IPHONEOS_DEPLOYMENT_TARGET = 11.2;
				MTL_ENABLE_DEBUG_INFO = NO;
				SDKROOT = iphoneos;
				SWIFT_OPTIMIZATION_LEVEL = "-Owholemodule";
				VALIDATE_PRODUCT = YES;
			};
			name = Release;
		};
		E94232081FE65AA8000E9D41 /* Debug */ = {
			isa = XCBuildConfiguration;
			buildSettings = {
				ASSETCATALOG_COMPILER_APPICON_NAME = AppIcon;
				CODE_SIGN_STYLE = Automatic;
				DEVELOPMENT_TEAM = M927VN8E3B;
				INFOPLIST_FILE = "Egg Timer/Info.plist";
				LD_RUNPATH_SEARCH_PATHS = "$(inherited) @executable_path/Frameworks";
				PRODUCT_BUNDLE_IDENTIFIER = "com.OneKirk.Egg-Timer";
				PRODUCT_NAME = "$(TARGET_NAME)";
				SWIFT_VERSION = 4.0;
				TARGETED_DEVICE_FAMILY = 1;
			};
			name = Debug;
		};
		E94232091FE65AA8000E9D41 /* Release */ = {
			isa = XCBuildConfiguration;
			buildSettings = {
				ASSETCATALOG_COMPILER_APPICON_NAME = AppIcon;
				CODE_SIGN_STYLE = Automatic;
				DEVELOPMENT_TEAM = M927VN8E3B;
				INFOPLIST_FILE = "Egg Timer/Info.plist";
				LD_RUNPATH_SEARCH_PATHS = "$(inherited) @executable_path/Frameworks";
				PRODUCT_BUNDLE_IDENTIFIER = "com.OneKirk.Egg-Timer";
				PRODUCT_NAME = "$(TARGET_NAME)";
				SWIFT_VERSION = 4.0;
				TARGETED_DEVICE_FAMILY = 1;
			};
			name = Release;
		};
/* End XCBuildConfiguration section */

/* Begin XCConfigurationList section */
		E94231F01FE65AA7000E9D41 /* Build configuration list for PBXProject "Egg Timer" */ = {
			isa = XCConfigurationList;
			buildConfigurations = (
				E94232051FE65AA8000E9D41 /* Debug */,
				E94232061FE65AA8000E9D41 /* Release */,
			);
			defaultConfigurationIsVisible = 0;
			defaultConfigurationName = Release;
		};
		E94232071FE65AA8000E9D41 /* Build configuration list for PBXNativeTarget "Egg Timer" */ = {
			isa = XCConfigurationList;
			buildConfigurations = (
				E94232081FE65AA8000E9D41 /* Debug */,
				E94232091FE65AA8000E9D41 /* Release */,
			);
			defaultConfigurationIsVisible = 0;
			defaultConfigurationName = Release;
		};
/* End XCConfigurationList section */
	};
	rootObject = E94231ED1FE65AA7000E9D41 /* Project object */;
}
